// !$*UTF8*$!
{
	archiveVersion = 1;
	classes = {
	};
	objectVersion = 46;
	objects = {

/* Begin PBXBuildFile section */
		D704AB0B1E8266D400264E95 /* AppDelegate.swift in Sources */ = {isa = PBXBuildFile; fileRef = D704AB0A1E8266D400264E95 /* AppDelegate.swift */; };
		D704AB0D1E8266D400264E95 /* ViewController.swift in Sources */ = {isa = PBXBuildFile; fileRef = D704AB0C1E8266D400264E95 /* ViewController.swift */; };
		D704AB101E8266D400264E95 /* Main.storyboard in Resources */ = {isa = PBXBuildFile; fileRef = D704AB0E1E8266D400264E95 /* Main.storyboard */; };
		D704AB121E8266D400264E95 /* Assets.xcassets in Resources */ = {isa = PBXBuildFile; fileRef = D704AB111E8266D400264E95 /* Assets.xcassets */; };
		D704AB151E8266D400264E95 /* LaunchScreen.storyboard in Resources */ = {isa = PBXBuildFile; fileRef = D704AB131E8266D400264E95 /* LaunchScreen.storyboard */; };
		D704AB201E8266D400264E95 /* __demoTests.swift in Sources */ = {isa = PBXBuildFile; fileRef = D704AB1F1E8266D400264E95 /* __demoTests.swift */; };
		D704AB2B1E8266D400264E95 /* __demoUITests.swift in Sources */ = {isa = PBXBuildFile; fileRef = D704AB2A1E8266D400264E95 /* __demoUITests.swift */; };
/* End PBXBuildFile section */

/* Begin PBXContainerItemProxy section */
		D704AB1C1E8266D400264E95 /* PBXContainerItemProxy */ = {
			isa = PBXContainerItemProxy;
			containerPortal = D704AAFF1E8266D400264E95 /* Project object */;
			proxyType = 1;
			remoteGlobalIDString = D704AB061E8266D400264E95;
			remoteInfo = "直播demo";
		};
		D704AB271E8266D400264E95 /* PBXContainerItemProxy */ = {
			isa = PBXContainerItemProxy;
			containerPortal = D704AAFF1E8266D400264E95 /* Project object */;
			proxyType = 1;
			remoteGlobalIDString = D704AB061E8266D400264E95;
			remoteInfo = "直播demo";
		};
/* End PBXContainerItemProxy section */

/* Begin PBXFileReference section */
		D704AB071E8266D400264E95 /* 直播demo.app */ = {isa = PBXFileReference; explicitFileType = wrapper.application; includeInIndex = 0; path = "直播demo.app"; sourceTree = BUILT_PRODUCTS_DIR; };
		D704AB0A1E8266D400264E95 /* AppDelegate.swift */ = {isa = PBXFileReference; lastKnownFileType = sourcecode.swift; path = AppDelegate.swift; sourceTree = "<group>"; };
		D704AB0C1E8266D400264E95 /* ViewController.swift */ = {isa = PBXFileReference; lastKnownFileType = sourcecode.swift; path = ViewController.swift; sourceTree = "<group>"; };
		D704AB0F1E8266D400264E95 /* Base */ = {isa = PBXFileReference; lastKnownFileType = file.storyboard; name = Base; path = Base.lproj/Main.storyboard; sourceTree = "<group>"; };
		D704AB111E8266D400264E95 /* Assets.xcassets */ = {isa = PBXFileReference; lastKnownFileType = folder.assetcatalog; path = Assets.xcassets; sourceTree = "<group>"; };
		D704AB141E8266D400264E95 /* Base */ = {isa = PBXFileReference; lastKnownFileType = file.storyboard; name = Base; path = Base.lproj/LaunchScreen.storyboard; sourceTree = "<group>"; };
		D704AB161E8266D400264E95 /* Info.plist */ = {isa = PBXFileReference; lastKnownFileType = text.plist.xml; path = Info.plist; sourceTree = "<group>"; };
		D704AB1B1E8266D400264E95 /* 直播demoTests.xctest */ = {isa = PBXFileReference; explicitFileType = wrapper.cfbundle; includeInIndex = 0; path = "直播demoTests.xctest"; sourceTree = BUILT_PRODUCTS_DIR; };
		D704AB1F1E8266D400264E95 /* __demoTests.swift */ = {isa = PBXFileReference; lastKnownFileType = sourcecode.swift; path = __demoTests.swift; sourceTree = "<group>"; };
		D704AB211E8266D400264E95 /* Info.plist */ = {isa = PBXFileReference; lastKnownFileType = text.plist.xml; path = Info.plist; sourceTree = "<group>"; };
		D704AB261E8266D400264E95 /* 直播demoUITests.xctest */ = {isa = PBXFileReference; explicitFileType = wrapper.cfbundle; includeInIndex = 0; path = "直播demoUITests.xctest"; sourceTree = BUILT_PRODUCTS_DIR; };
		D704AB2A1E8266D400264E95 /* __demoUITests.swift */ = {isa = PBXFileReference; lastKnownFileType = sourcecode.swift; path = __demoUITests.swift; sourceTree = "<group>"; };
		D704AB2C1E8266D400264E95 /* Info.plist */ = {isa = PBXFileReference; lastKnownFileType = text.plist.xml; path = Info.plist; sourceTree = "<group>"; };
/* End PBXFileReference section */

/* Begin PBXFrameworksBuildPhase section */
		D704AB041E8266D400264E95 /* Frameworks */ = {
			isa = PBXFrameworksBuildPhase;
			buildActionMask = 2147483647;
			files = (
			);
			runOnlyForDeploymentPostprocessing = 0;
		};
		D704AB181E8266D400264E95 /* Frameworks */ = {
			isa = PBXFrameworksBuildPhase;
			buildActionMask = 2147483647;
			files = (
			);
			runOnlyForDeploymentPostprocessing = 0;
		};
		D704AB231E8266D400264E95 /* Frameworks */ = {
			isa = PBXFrameworksBuildPhase;
			buildActionMask = 2147483647;
			files = (
			);
			runOnlyForDeploymentPostprocessing = 0;
		};
/* End PBXFrameworksBuildPhase section */

/* Begin PBXGroup section */
		D704AAFE1E8266D400264E95 = {
			isa = PBXGroup;
			children = (
				D704AB091E8266D400264E95 /* 直播demo */,
				D704AB1E1E8266D400264E95 /* 直播demoTests */,
				D704AB291E8266D400264E95 /* 直播demoUITests */,
				D704AB081E8266D400264E95 /* Products */,
			);
			sourceTree = "<group>";
		};
		D704AB081E8266D400264E95 /* Products */ = {
			isa = PBXGroup;
			children = (
				D704AB071E8266D400264E95 /* 直播demo.app */,
				D704AB1B1E8266D400264E95 /* 直播demoTests.xctest */,
				D704AB261E8266D400264E95 /* 直播demoUITests.xctest */,
			);
			name = Products;
			sourceTree = "<group>";
		};
		D704AB091E8266D400264E95 /* 直播demo */ = {
			isa = PBXGroup;
			children = (
				D704AB0A1E8266D400264E95 /* AppDelegate.swift */,
				D704AB0C1E8266D400264E95 /* ViewController.swift */,
				D704AB0E1E8266D400264E95 /* Main.storyboard */,
				D704AB111E8266D400264E95 /* Assets.xcassets */,
				D704AB131E8266D400264E95 /* LaunchScreen.storyboard */,
				D704AB161E8266D400264E95 /* Info.plist */,
			);
			path = "直播demo";
			sourceTree = "<group>";
		};
		D704AB1E1E8266D400264E95 /* 直播demoTests */ = {
			isa = PBXGroup;
			children = (
				D704AB1F1E8266D400264E95 /* __demoTests.swift */,
				D704AB211E8266D400264E95 /* Info.plist */,
			);
			path = "直播demoTests";
			sourceTree = "<group>";
		};
		D704AB291E8266D400264E95 /* 直播demoUITests */ = {
			isa = PBXGroup;
			children = (
				D704AB2A1E8266D400264E95 /* __demoUITests.swift */,
				D704AB2C1E8266D400264E95 /* Info.plist */,
			);
			path = "直播demoUITests";
			sourceTree = "<group>";
		};
/* End PBXGroup section */

/* Begin PBXNativeTarget section */
		D704AB061E8266D400264E95 /* 直播demo */ = {
			isa = PBXNativeTarget;
			buildConfigurationList = D704AB2F1E8266D400264E95 /* Build configuration list for PBXNativeTarget "直播demo" */;
			buildPhases = (
				D704AB031E8266D400264E95 /* Sources */,
				D704AB041E8266D400264E95 /* Frameworks */,
				D704AB051E8266D400264E95 /* Resources */,
			);
			buildRules = (
			);
			dependencies = (
			);
			name = "直播demo";
			productName = "直播demo";
			productReference = D704AB071E8266D400264E95 /* 直播demo.app */;
			productType = "com.apple.product-type.application";
		};
		D704AB1A1E8266D400264E95 /* 直播demoTests */ = {
			isa = PBXNativeTarget;
			buildConfigurationList = D704AB321E8266D400264E95 /* Build configuration list for PBXNativeTarget "直播demoTests" */;
			buildPhases = (
				D704AB171E8266D400264E95 /* Sources */,
				D704AB181E8266D400264E95 /* Frameworks */,
				D704AB191E8266D400264E95 /* Resources */,
			);
			buildRules = (
			);
			dependencies = (
				D704AB1D1E8266D400264E95 /* PBXTargetDependency */,
			);
			name = "直播demoTests";
			productName = "直播demoTests";
			productReference = D704AB1B1E8266D400264E95 /* 直播demoTests.xctest */;
			productType = "com.apple.product-type.bundle.unit-test";
		};
		D704AB251E8266D400264E95 /* 直播demoUITests */ = {
			isa = PBXNativeTarget;
			buildConfigurationList = D704AB351E8266D400264E95 /* Build configuration list for PBXNativeTarget "直播demoUITests" */;
			buildPhases = (
				D704AB221E8266D400264E95 /* Sources */,
				D704AB231E8266D400264E95 /* Frameworks */,
				D704AB241E8266D400264E95 /* Resources */,
			);
			buildRules = (
			);
			dependencies = (
				D704AB281E8266D400264E95 /* PBXTargetDependency */,
			);
			name = "直播demoUITests";
			productName = "直播demoUITests";
			productReference = D704AB261E8266D400264E95 /* 直播demoUITests.xctest */;
			productType = "com.apple.product-type.bundle.ui-testing";
		};
/* End PBXNativeTarget section */

/* Begin PBXProject section */
		D704AAFF1E8266D400264E95 /* Project object */ = {
			isa = PBXProject;
			attributes = {
				LastSwiftUpdateCheck = 0820;
				LastUpgradeCheck = 0820;
				ORGANIZATIONNAME = "靳志远";
				TargetAttributes = {
					D704AB061E8266D400264E95 = {
						CreatedOnToolsVersion = 8.2.1;
						DevelopmentTeam = Y2S2575EP7;
						ProvisioningStyle = Automatic;
					};
					D704AB1A1E8266D400264E95 = {
						CreatedOnToolsVersion = 8.2.1;
						DevelopmentTeam = Y2S2575EP7;
						ProvisioningStyle = Automatic;
						TestTargetID = D704AB061E8266D400264E95;
					};
					D704AB251E8266D400264E95 = {
						CreatedOnToolsVersion = 8.2.1;
						DevelopmentTeam = Y2S2575EP7;
						ProvisioningStyle = Automatic;
						TestTargetID = D704AB061E8266D400264E95;
					};
				};
			};
			buildConfigurationList = D704AB021E8266D400264E95 /* Build configuration list for PBXProject "直播demo" */;
			compatibilityVersion = "Xcode 3.2";
			developmentRegion = English;
			hasScannedForEncodings = 0;
			knownRegions = (
				en,
				Base,
			);
			mainGroup = D704AAFE1E8266D400264E95;
			productRefGroup = D704AB081E8266D400264E95 /* Products */;
			projectDirPath = "";
			projectRoot = "";
			targets = (
				D704AB061E8266D400264E95 /* 直播demo */,
				D704AB1A1E8266D400264E95 /* 直播demoTests */,
				D704AB251E8266D400264E95 /* 直播demoUITests */,
			);
		};
/* End PBXProject section */

/* Begin PBXResourcesBuildPhase section */
		D704AB051E8266D400264E95 /* Resources */ = {
			isa = PBXResourcesBuildPhase;
			buildActionMask = 2147483647;
			files = (
				D704AB151E8266D400264E95 /* LaunchScreen.storyboard in Resources */,
				D704AB121E8266D400264E95 /* Assets.xcassets in Resources */,
				D704AB101E8266D400264E95 /* Main.storyboard in Resources */,
			);
			runOnlyForDeploymentPostprocessing = 0;
		};
		D704AB191E8266D400264E95 /* Resources */ = {
			isa = PBXResourcesBuildPhase;
			buildActionMask = 2147483647;
			files = (
			);
			runOnlyForDeploymentPostprocessing = 0;
		};
		D704AB241E8266D400264E95 /* Resources */ = {
			isa = PBXResourcesBuildPhase;
			buildActionMask = 2147483647;
			files = (
			);
			runOnlyForDeploymentPostprocessing = 0;
		};
/* End PBXResourcesBuildPhase section */

/* Begin PBXSourcesBuildPhase section */
		D704AB031E8266D400264E95 /* Sources */ = {
			isa = PBXSourcesBuildPhase;
			buildActionMask = 2147483647;
			files = (
				D704AB0D1E8266D400264E95 /* ViewController.swift in Sources */,
				D704AB0B1E8266D400264E95 /* AppDelegate.swift in Sources */,
			);
			runOnlyForDeploymentPostprocessing = 0;
		};
		D704AB171E8266D400264E95 /* Sources */ = {
			isa = PBXSourcesBuildPhase;
			buildActionMask = 2147483647;
			files = (
				D704AB201E8266D400264E95 /* __demoTests.swift in Sources */,
			);
			runOnlyForDeploymentPostprocessing = 0;
		};
		D704AB221E8266D400264E95 /* Sources */ = {
			isa = PBXSourcesBuildPhase;
			buildActionMask = 2147483647;
			files = (
				D704AB2B1E8266D400264E95 /* __demoUITests.swift in Sources */,
			);
			runOnlyForDeploymentPostprocessing = 0;
		};
/* End PBXSourcesBuildPhase section */

/* Begin PBXTargetDependency section */
		D704AB1D1E8266D400264E95 /* PBXTargetDependency */ = {
			isa = PBXTargetDependency;
			target = D704AB061E8266D400264E95 /* 直播demo */;
			targetProxy = D704AB1C1E8266D400264E95 /* PBXContainerItemProxy */;
		};
		D704AB281E8266D400264E95 /* PBXTargetDependency */ = {
			isa = PBXTargetDependency;
			target = D704AB061E8266D400264E95 /* 直播demo */;
			targetProxy = D704AB271E8266D400264E95 /* PBXContainerItemProxy */;
		};
/* End PBXTargetDependency section */

/* Begin PBXVariantGroup section */
		D704AB0E1E8266D400264E95 /* Main.storyboard */ = {
			isa = PBXVariantGroup;
			children = (
				D704AB0F1E8266D400264E95 /* Base */,
			);
			name = Main.storyboard;
			sourceTree = "<group>";
		};
		D704AB131E8266D400264E95 /* LaunchScreen.storyboard */ = {
			isa = PBXVariantGroup;
			children = (
				D704AB141E8266D400264E95 /* Base */,
			);
			name = LaunchScreen.storyboard;
			sourceTree = "<group>";
		};
/* End PBXVariantGroup section */

/* Begin XCBuildConfiguration section */
		D704AB2D1E8266D400264E95 /* Debug */ = {
			isa = XCBuildConfiguration;
			buildSettings = {
				ALWAYS_SEARCH_USER_PATHS = NO;
				CLANG_ANALYZER_NONNULL = YES;
				CLANG_CXX_LANGUAGE_STANDARD = "gnu++0x";
				CLANG_CXX_LIBRARY = "libc++";
				CLANG_ENABLE_MODULES = YES;
				CLANG_ENABLE_OBJC_ARC = YES;
				CLANG_WARN_BOOL_CONVERSION = YES;
				CLANG_WARN_CONSTANT_CONVERSION = YES;
				CLANG_WARN_DIRECT_OBJC_ISA_USAGE = YES_ERROR;
				CLANG_WARN_DOCUMENTATION_COMMENTS = YES;
				CLANG_WARN_EMPTY_BODY = YES;
				CLANG_WARN_ENUM_CONVERSION = YES;
				CLANG_WARN_INFINITE_RECURSION = YES;
				CLANG_WARN_INT_CONVERSION = YES;
				CLANG_WARN_OBJC_ROOT_CLASS = YES_ERROR;
				CLANG_WARN_SUSPICIOUS_MOVE = YES;
				CLANG_WARN_UNREACHABLE_CODE = YES;
				CLANG_WARN__DUPLICATE_METHOD_MATCH = YES;
				"CODE_SIGN_IDENTITY[sdk=iphoneos*]" = "iPhone Developer";
				COPY_PHASE_STRIP = NO;
				DEBUG_INFORMATION_FORMAT = dwarf;
				ENABLE_STRICT_OBJC_MSGSEND = YES;
				ENABLE_TESTABILITY = YES;
				GCC_C_LANGUAGE_STANDARD = gnu99;
				GCC_DYNAMIC_NO_PIC = NO;
				GCC_NO_COMMON_BLOCKS = YES;
				GCC_OPTIMIZATION_LEVEL = 0;
				GCC_PREPROCESSOR_DEFINITIONS = (
					"DEBUG=1",
					"$(inherited)",
				);
				GCC_WARN_64_TO_32_BIT_CONVERSION = YES;
				GCC_WARN_ABOUT_RETURN_TYPE = YES_ERROR;
				GCC_WARN_UNDECLARED_SELECTOR = YES;
				GCC_WARN_UNINITIALIZED_AUTOS = YES_AGGRESSIVE;
				GCC_WARN_UNUSED_FUNCTION = YES;
				GCC_WARN_UNUSED_VARIABLE = YES;
				IPHONEOS_DEPLOYMENT_TARGET = 10.2;
				MTL_ENABLE_DEBUG_INFO = YES;
				ONLY_ACTIVE_ARCH = YES;
				SDKROOT = iphoneos;
				SWIFT_ACTIVE_COMPILATION_CONDITIONS = DEBUG;
				SWIFT_OPTIMIZATION_LEVEL = "-Onone";
				TARGETED_DEVICE_FAMILY = "1,2";
			};
			name = Debug;
		};
		D704AB2E1E8266D400264E95 /* Release */ = {
			isa = XCBuildConfiguration;
			buildSettings = {
				ALWAYS_SEARCH_USER_PATHS = NO;
				CLANG_ANALYZER_NONNULL = YES;
				CLANG_CXX_LANGUAGE_STANDARD = "gnu++0x";
				CLANG_CXX_LIBRARY = "libc++";
				CLANG_ENABLE_MODULES = YES;
				CLANG_ENABLE_OBJC_ARC = YES;
				CLANG_WARN_BOOL_CONVERSION = YES;
				CLANG_WARN_CONSTANT_CONVERSION = YES;
				CLANG_WARN_DIRECT_OBJC_ISA_USAGE = YES_ERROR;
				CLANG_WARN_DOCUMENTATION_COMMENTS = YES;
				CLANG_WARN_EMPTY_BODY = YES;
				CLANG_WARN_ENUM_CONVERSION = YES;
				CLANG_WARN_INFINITE_RECURSION = YES;
				CLANG_WARN_INT_CONVERSION = YES;
				CLANG_WARN_OBJC_ROOT_CLASS = YES_ERROR;
				CLANG_WARN_SUSPICIOUS_MOVE = YES;
				CLANG_WARN_UNREACHABLE_CODE = YES;
				CLANG_WARN__DUPLICATE_METHOD_MATCH = YES;
				"CODE_SIGN_IDENTITY[sdk=iphoneos*]" = "iPhone Developer";
				COPY_PHASE_STRIP = NO;
				DEBUG_INFORMATION_FORMAT = "dwarf-with-dsym";
				ENABLE_NS_ASSERTIONS = NO;
				ENABLE_STRICT_OBJC_MSGSEND = YES;
				GCC_C_LANGUAGE_STANDARD = gnu99;
				GCC_NO_COMMON_BLOCKS = YES;
				GCC_WARN_64_TO_32_BIT_CONVERSION = YES;
				GCC_WARN_ABOUT_RETURN_TYPE = YES_ERROR;
				GCC_WARN_UNDECLARED_SELECTOR = YES;
				GCC_WARN_UNINITIALIZED_AUTOS = YES_AGGRESSIVE;
				GCC_WARN_UNUSED_FUNCTION = YES;
				GCC_WARN_UNUSED_VARIABLE = YES;
				IPHONEOS_DEPLOYMENT_TARGET = 10.2;
				MTL_ENABLE_DEBUG_INFO = NO;
				SDKROOT = iphoneos;
				SWIFT_OPTIMIZATION_LEVEL = "-Owholemodule";
				TARGETED_DEVICE_FAMILY = "1,2";
				VALIDATE_PRODUCT = YES;
			};
			name = Release;
		};
		D704AB301E8266D400264E95 /* Debug */ = {
			isa = XCBuildConfiguration;
			buildSettings = {
				ASSETCATALOG_COMPILER_APPICON_NAME = AppIcon;
				DEVELOPMENT_TEAM = Y2S2575EP7;
				INFOPLIST_FILE = "直播demo/Info.plist";
				LD_RUNPATH_SEARCH_PATHS = "$(inherited) @executable_path/Frameworks";
				PRODUCT_BUNDLE_IDENTIFIER = "-2345.--demo";
				PRODUCT_NAME = "$(TARGET_NAME)";
				SWIFT_VERSION = 3.0;
			};
			name = Debug;
		};
		D704AB311E8266D400264E95 /* Release */ = {
			isa = XCBuildConfiguration;
			buildSettings = {
				ASSETCATALOG_COMPILER_APPICON_NAME = AppIcon;
				DEVELOPMENT_TEAM = Y2S2575EP7;
				INFOPLIST_FILE = "直播demo/Info.plist";
				LD_RUNPATH_SEARCH_PATHS = "$(inherited) @executable_path/Frameworks";
				PRODUCT_BUNDLE_IDENTIFIER = "-2345.--demo";
				PRODUCT_NAME = "$(TARGET_NAME)";
				SWIFT_VERSION = 3.0;
			};
			name = Release;
		};
		D704AB331E8266D400264E95 /* Debug */ = {
			isa = XCBuildConfiguration;
			buildSettings = {
				ALWAYS_EMBED_SWIFT_STANDARD_LIBRARIES = YES;
				BUNDLE_LOADER = "$(TEST_HOST)";
				DEVELOPMENT_TEAM = Y2S2575EP7;
				INFOPLIST_FILE = "直播demoTests/Info.plist";
				LD_RUNPATH_SEARCH_PATHS = "$(inherited) @executable_path/Frameworks @loader_path/Frameworks";
				PRODUCT_BUNDLE_IDENTIFIER = "-2345.--demoTests";
				PRODUCT_NAME = "$(TARGET_NAME)";
				SWIFT_VERSION = 3.0;
				TEST_HOST = "$(BUILT_PRODUCTS_DIR)/直播demo.app/直播demo";
			};
			name = Debug;
		};
		D704AB341E8266D400264E95 /* Release */ = {
			isa = XCBuildConfiguration;
			buildSettings = {
				ALWAYS_EMBED_SWIFT_STANDARD_LIBRARIES = YES;
				BUNDLE_LOADER = "$(TEST_HOST)";
				DEVELOPMENT_TEAM = Y2S2575EP7;
				INFOPLIST_FILE = "直播demoTests/Info.plist";
				LD_RUNPATH_SEARCH_PATHS = "$(inherited) @executable_path/Frameworks @loader_path/Frameworks";
				PRODUCT_BUNDLE_IDENTIFIER = "-2345.--demoTests";
				PRODUCT_NAME = "$(TARGET_NAME)";
				SWIFT_VERSION = 3.0;
				TEST_HOST = "$(BUILT_PRODUCTS_DIR)/直播demo.app/直播demo";
			};
			name = Release;
		};
		D704AB361E8266D400264E95 /* Debug */ = {
			isa = XCBuildConfiguration;
			buildSettings = {
				ALWAYS_EMBED_SWIFT_STANDARD_LIBRARIES = YES;
				DEVELOPMENT_TEAM = Y2S2575EP7;
				INFOPLIST_FILE = "直播demoUITests/Info.plist";
				LD_RUNPATH_SEARCH_PATHS = "$(inherited) @executable_path/Frameworks @loader_path/Frameworks";
				PRODUCT_BUNDLE_IDENTIFIER = "-2345.--demoUITests";
				PRODUCT_NAME = "$(TARGET_NAME)";
				SWIFT_VERSION = 3.0;
				TEST_TARGET_NAME = "直播demo";
			};
			name = Debug;
		};
		D704AB371E8266D400264E95 /* Release */ = {
			isa = XCBuildConfiguration;
			buildSettings = {
				ALWAYS_EMBED_SWIFT_STANDARD_LIBRARIES = YES;
				DEVELOPMENT_TEAM = Y2S2575EP7;
				INFOPLIST_FILE = "直播demoUITests/Info.plist";
				LD_RUNPATH_SEARCH_PATHS = "$(inherited) @executable_path/Frameworks @loader_path/Frameworks";
				PRODUCT_BUNDLE_IDENTIFIER = "-2345.--demoUITests";
				PRODUCT_NAME = "$(TARGET_NAME)";
				SWIFT_VERSION = 3.0;
				TEST_TARGET_NAME = "直播demo";
			};
			name = Release;
		};
/* End XCBuildConfiguration section */

/* Begin XCConfigurationList section */
		D704AB021E8266D400264E95 /* Build configuration list for PBXProject "直播demo" */ = {
			isa = XCConfigurationList;
			buildConfigurations = (
				D704AB2D1E8266D400264E95 /* Debug */,
				D704AB2E1E8266D400264E95 /* Release */,
			);
			defaultConfigurationIsVisible = 0;
			defaultConfigurationName = Release;
		};
		D704AB2F1E8266D400264E95 /* Build configuration list for PBXNativeTarget "直播demo" */ = {
			isa = XCConfigurationList;
			buildConfigurations = (
				D704AB301E8266D400264E95 /* Debug */,
				D704AB311E8266D400264E95 /* Release */,
			);
			defaultConfigurationIsVisible = 0;
		};
		D704AB321E8266D400264E95 /* Build configuration list for PBXNativeTarget "直播demoTests" */ = {
			isa = XCConfigurationList;
			buildConfigurations = (
				D704AB331E8266D400264E95 /* Debug */,
				D704AB341E8266D400264E95 /* Release */,
			);
			defaultConfigurationIsVisible = 0;
		};
		D704AB351E8266D400264E95 /* Build configuration list for PBXNativeTarget "直播demoUITests" */ = {
			isa = XCConfigurationList;
			buildConfigurations = (
				D704AB361E8266D400264E95 /* Debug */,
				D704AB371E8266D400264E95 /* Release */,
			);
			defaultConfigurationIsVisible = 0;
		};
/* End XCConfigurationList section */
	};
	rootObject = D704AAFF1E8266D400264E95 /* Project object */;
}
